
Microsoft Visual Studio Solution File, Format Version 12.00
# Visual Studio 15
VisualStudioVersion = 15.0.27703.2042
MinimumVisualStudioVersion = 10.0.40219.1
Project("{F2A71F9B-5D33-465A-A702-920D77279786}") = "FSharpTest", "FSharpTest\FSharpTest.fsproj", "{FF7EEB25-385B-4DB2-BB19-8DCB31274FF0}"
EndProject
Project("{F2A71F9B-5D33-465A-A702-920D77279786}") = "DataMining", "DataMining\DataMining.fsproj", "{FB1B516E-3608-46F8-96EF-1E4030200112}"
EndProject
Global
	GlobalSection(SolutionConfigurationPlatforms) = preSolution
		Debug|Any CPU = Debug|Any CPU
		Release|Any CPU = Release|Any CPU
	EndGlobalSection
	GlobalSection(ProjectConfigurationPlatforms) = postSolution
		{FF7EEB25-385B-4DB2-BB19-8DCB31274FF0}.Debug|Any CPU.ActiveCfg = Debug|Any CPU
		{FF7EEB25-385B-4DB2-BB19-8DCB31274FF0}.Debug|Any CPU.Build.0 = Debug|Any CPU
		{FF7EEB25-385B-4DB2-BB19-8DCB31274FF0}.Release|Any CPU.ActiveCfg = Release|Any CPU
		{FF7EEB25-385B-4DB2-BB19-8DCB31274FF0}.Release|Any CPU.Build.0 = Release|Any CPU
		{FB1B516E-3608-46F8-96EF-1E4030200112}.Debug|Any CPU.ActiveCfg = Debug|Any CPU
		{FB1B516E-3608-46F8-96EF-1E4030200112}.Debug|Any CPU.Build.0 = Debug|Any CPU
		{FB1B516E-3608-46F8-96EF-1E4030200112}.Release|Any CPU.ActiveCfg = Release|Any CPU
		{FB1B516E-3608-46F8-96EF-1E4030200112}.Release|Any CPU.Build.0 = Release|Any CPU
	EndGlobalSection
	GlobalSection(SolutionProperties) = preSolution
		HideSolutionNode = FALSE
	EndGlobalSection
	GlobalSection(ExtensibilityGlobals) = postSolution
		SolutionGuid = {406F799C-2817-49A3-8F07-E7917B17B8E5}
	EndGlobalSection
EndGlobal
